
Microsoft Visual Studio Solution File, Format Version 12.00
# Visual Studio Version 17
VisualStudioVersion = 17.8.34316.72
MinimumVisualStudioVersion = 10.0.40219.1
Project("{FAE04EC0-301F-11D3-BF4B-00C04F79EFBC}") = "HelloWorld", "HelloWorld\HelloWorld.csproj", "{968763F4-B561-46FA-ACAA-1F9635E66B7D}"
EndProject
Global
	GlobalSection(SolutionConfigurationPlatforms) = preSolution
		Debug|Any CPU = Debug|Any CPU
		Release|Any CPU = Release|Any CPU
	EndGlobalSection
	GlobalSection(ProjectConfigurationPlatforms) = postSolution
		{968763F4-B561-46FA-ACAA-1F9635E66B7D}.Debug|Any CPU.ActiveCfg = Debug|Any CPU
		{968763F4-B561-46FA-ACAA-1F9635E66B7D}.Debug|Any CPU.Build.0 = Debug|Any CPU
		{968763F4-B561-46FA-ACAA-1F9635E66B7D}.Release|Any CPU.ActiveCfg = Release|Any CPU
		{968763F4-B561-46FA-ACAA-1F9635E66B7D}.Release|Any CPU.Build.0 = Release|Any CPU
	EndGlobalSection
	GlobalSection(SolutionProperties) = preSolution
		HideSolutionNode = FALSE
	EndGlobalSection
	GlobalSection(ExtensibilityGlobals) = postSolution
		SolutionGuid = {C0CBBD88-8991-4B3E-AA03-E9FF8E984F23}
	EndGlobalSection
EndGlobal
